
Microsoft Visual Studio Solution File, Format Version 12.00
# Visual Studio 15
VisualStudioVersion = 15.0.27428.2002
MinimumVisualStudioVersion = 10.0.40219.1
Project("{FAE04EC0-301F-11D3-BF4B-00C04F79EFBC}") = "Square", "Square\Square.csproj", "{401FCA0F-FE40-4B70-A2F6-5F2792A29E01}"
EndProject
Project("{FAE04EC0-301F-11D3-BF4B-00C04F79EFBC}") = "FormForSquare", "FormForSquare\FormForSquare.csproj", "{889B3388-675A-4B9F-9AFB-89BFACA586D5}"
EndProject
Project("{FAE04EC0-301F-11D3-BF4B-00C04F79EFBC}") = "Square.Tests", "Square.Tests\Square.Tests.csproj", "{F1544599-F93E-44CB-99E0-CA3419714705}"
EndProject
Global
	GlobalSection(SolutionConfigurationPlatforms) = preSolution
		Debug|Any CPU = Debug|Any CPU
		Release|Any CPU = Release|Any CPU
	EndGlobalSection
	GlobalSection(ProjectConfigurationPlatforms) = postSolution
		{401FCA0F-FE40-4B70-A2F6-5F2792A29E01}.Debug|Any CPU.ActiveCfg = Debug|Any CPU
		{401FCA0F-FE40-4B70-A2F6-5F2792A29E01}.Debug|Any CPU.Build.0 = Debug|Any CPU
		{401FCA0F-FE40-4B70-A2F6-5F2792A29E01}.Release|Any CPU.ActiveCfg = Release|Any CPU
		{401FCA0F-FE40-4B70-A2F6-5F2792A29E01}.Release|Any CPU.Build.0 = Release|Any CPU
		{889B3388-675A-4B9F-9AFB-89BFACA586D5}.Debug|Any CPU.ActiveCfg = Debug|Any CPU
		{889B3388-675A-4B9F-9AFB-89BFACA586D5}.Debug|Any CPU.Build.0 = Debug|Any CPU
		{889B3388-675A-4B9F-9AFB-89BFACA586D5}.Release|Any CPU.ActiveCfg = Release|Any CPU
		{889B3388-675A-4B9F-9AFB-89BFACA586D5}.Release|Any CPU.Build.0 = Release|Any CPU
		{F1544599-F93E-44CB-99E0-CA3419714705}.Debug|Any CPU.ActiveCfg = Debug|Any CPU
		{F1544599-F93E-44CB-99E0-CA3419714705}.Debug|Any CPU.Build.0 = Debug|Any CPU
		{F1544599-F93E-44CB-99E0-CA3419714705}.Release|Any CPU.ActiveCfg = Release|Any CPU
		{F1544599-F93E-44CB-99E0-CA3419714705}.Release|Any CPU.Build.0 = Release|Any CPU
	EndGlobalSection
	GlobalSection(SolutionProperties) = preSolution
		HideSolutionNode = FALSE
	EndGlobalSection
	GlobalSection(ExtensibilityGlobals) = postSolution
		SolutionGuid = {C77FA450-8AA2-4C33-A429-B7EA87907028}
	EndGlobalSection
EndGlobal
